// !$*UTF8*$!
{
	archiveVersion = 1;
	classes = {
	};
	objectVersion = 77;
	objects = {

/* Begin PBXContainerItemProxy section */
		9FA5E68D2F1EA8F200155E2E /* PBXContainerItemProxy */ = {
			isa = PBXContainerItemProxy;
			containerPortal = 9FA5E66E2F1EA8EF00155E2E /* Project object */;
			proxyType = 1;
			remoteGlobalIDString = 9FA5E6752F1EA8EF00155E2E;
			remoteInfo = TripMate;
		};
		9FA5E6972F1EA8F200155E2E /* PBXContainerItemProxy */ = {
			isa = PBXContainerItemProxy;
			containerPortal = 9FA5E66E2F1EA8EF00155E2E /* Project object */;
			proxyType = 1;
			remoteGlobalIDString = 9FA5E6752F1EA8EF00155E2E;
			remoteInfo = TripMate;
		};
/* End PBXContainerItemProxy section */

/* Begin PBXFileReference section */
		9FA5E6762F1EA8EF00155E2E /* TripMate.app */ = {isa = PBXFileReference; explicitFileType = wrapper.application; includeInIndex = 0; path = TripMate.app; sourceTree = BUILT_PRODUCTS_DIR; };
		9FA5E68C2F1EA8F200155E2E /* TripMateTests.xctest */ = {isa = PBXFileReference; explicitFileType = wrapper.cfbundle; includeInIndex = 0; path = TripMateTests.xctest; sourceTree = BUILT_PRODUCTS_DIR; };
		9FA5E6962F1EA8F200155E2E /* TripMateUITests.xctest */ = {isa = PBXFileReference; explicitFileType = wrapper.cfbundle; includeInIndex = 0; path = TripMateUITests.xctest; sourceTree = BUILT_PRODUCTS_DIR; };
/* End PBXFileReference section */

/* Begin PBXFileSystemSynchronizedBuildFileExceptionSet section */
		9FA5E69E2F1EA8F200155E2E /* Exceptions for "TripMate" folder in "TripMate" target */ = {
			isa = PBXFileSystemSynchronizedBuildFileExceptionSet;
			membershipExceptions = (
				Info.plist,
			);
			target = 9FA5E6752F1EA8EF00155E2E /* TripMate */;
		};
		9FFDC4C12F2A7A3000630412 /* Exceptions for "TripMate" folder in "TripMateTests" target */ = {
			isa = PBXFileSystemSynchronizedBuildFileExceptionSet;
			membershipExceptions = (
				Core/Constants.swift,
				Features/Home/Data/Models/AttractionModel.swift,
				Features/Home/Domain/AttractionRepository.swift,
				Features/Home/Domain/FetchAttractionsUseCase.swift,
				Features/Home/Presentation/ViewModels/HomeViewModel.swift,
				Features/Home/Presentation/ViewModels/HomeViewModelProtocol.swift,
				Networking/APIClient.swift,
				Networking/APIClientProtocol.swift,
				Networking/APIError.swift,
				Networking/EndPoints.swift,
			);
			target = 9FA5E68B2F1EA8F200155E2E /* TripMateTests */;
		};
/* End PBXFileSystemSynchronizedBuildFileExceptionSet section */

/* Begin PBXFileSystemSynchronizedRootGroup section */
		9FA5E6782F1EA8EF00155E2E /* TripMate */ = {
			isa = PBXFileSystemSynchronizedRootGroup;
			exceptions = (
				9FA5E69E2F1EA8F200155E2E /* Exceptions for "TripMate" folder in "TripMate" target */,
				9FFDC4C12F2A7A3000630412 /* Exceptions for "TripMate" folder in "TripMateTests" target */,
			);
			path = TripMate;
			sourceTree = "<group>";
		};
		9FA5E68F2F1EA8F200155E2E /* TripMateTests */ = {
			isa = PBXFileSystemSynchronizedRootGroup;
			path = TripMateTests;
			sourceTree = "<group>";
		};
		9FA5E6992F1EA8F200155E2E /* TripMateUITests */ = {
			isa = PBXFileSystemSynchronizedRootGroup;
			path = TripMateUITests;
			sourceTree = "<group>";
		};
/* End PBXFileSystemSynchronizedRootGroup section */

/* Begin PBXFrameworksBuildPhase section */
		9FA5E6732F1EA8EF00155E2E /* Frameworks */ = {
			isa = PBXFrameworksBuildPhase;
			buildActionMask = 2147483647;
			files = (
			);
			runOnlyForDeploymentPostprocessing = 0;
		};
		9FA5E6892F1EA8F200155E2E /* Frameworks */ = {
			isa = PBXFrameworksBuildPhase;
			buildActionMask = 2147483647;
			files = (
			);
			runOnlyForDeploymentPostprocessing = 0;
		};
		9FA5E6932F1EA8F200155E2E /* Frameworks */ = {
			isa = PBXFrameworksBuildPhase;
			buildActionMask = 2147483647;
			files = (
			);
			runOnlyForDeploymentPostprocessing = 0;
		};
/* End PBXFrameworksBuildPhase section */

/* Begin PBXGroup section */
		9FA5E66D2F1EA8EF00155E2E = {
			isa = PBXGroup;
			children = (
				9FA5E6782F1EA8EF00155E2E /* TripMate */,
				9FA5E68F2F1EA8F200155E2E /* TripMateTests */,
				9FA5E6992F1EA8F200155E2E /* TripMateUITests */,
				9FA5E6772F1EA8EF00155E2E /* Products */,
			);
			sourceTree = "<group>";
		};
		9FA5E6772F1EA8EF00155E2E /* Products */ = {
			isa = PBXGroup;
			children = (
				9FA5E6762F1EA8EF00155E2E /* TripMate.app */,
				9FA5E68C2F1EA8F200155E2E /* TripMateTests.xctest */,
				9FA5E6962F1EA8F200155E2E /* TripMateUITests.xctest */,
			);
			name = Products;
			sourceTree = "<group>";
		};
/* End PBXGroup section */

/* Begin PBXNativeTarget section */
		9FA5E6752F1EA8EF00155E2E /* TripMate */ = {
			isa = PBXNativeTarget;
			buildConfigurationList = 9FA5E69F2F1EA8F200155E2E /* Build configuration list for PBXNativeTarget "TripMate" */;
			buildPhases = (
				9FA5E6722F1EA8EF00155E2E /* Sources */,
				9FA5E6732F1EA8EF00155E2E /* Frameworks */,
				9FA5E6742F1EA8EF00155E2E /* Resources */,
			);
			buildRules = (
			);
			dependencies = (
			);
			fileSystemSynchronizedGroups = (
				9FA5E6782F1EA8EF00155E2E /* TripMate */,
			);
			name = TripMate;
			packageProductDependencies = (
			);
			productName = TripMate;
			productReference = 9FA5E6762F1EA8EF00155E2E /* TripMate.app */;
			productType = "com.apple.product-type.application";
		};
		9FA5E68B2F1EA8F200155E2E /* TripMateTests */ = {
			isa = PBXNativeTarget;
			buildConfigurationList = 9FA5E6A42F1EA8F200155E2E /* Build configuration list for PBXNativeTarget "TripMateTests" */;
			buildPhases = (
				9FA5E6882F1EA8F200155E2E /* Sources */,
				9FA5E6892F1EA8F200155E2E /* Frameworks */,
				9FA5E68A2F1EA8F200155E2E /* Resources */,
			);
			buildRules = (
			);
			dependencies = (
				9FA5E68E2F1EA8F200155E2E /* PBXTargetDependency */,
			);
			fileSystemSynchronizedGroups = (
				9FA5E68F2F1EA8F200155E2E /* TripMateTests */,
			);
			name = TripMateTests;
			packageProductDependencies = (
			);
			productName = TripMateTests;
			productReference = 9FA5E68C2F1EA8F200155E2E /* TripMateTests.xctest */;
			productType = "com.apple.product-type.bundle.unit-test";
		};
		9FA5E6952F1EA8F200155E2E /* TripMateUITests */ = {
			isa = PBXNativeTarget;
			buildConfigurationList = 9FA5E6A72F1EA8F200155E2E /* Build configuration list for PBXNativeTarget "TripMateUITests" */;
			buildPhases = (
				9FA5E6922F1EA8F200155E2E /* Sources */,
				9FA5E6932F1EA8F200155E2E /* Frameworks */,
				9FA5E6942F1EA8F200155E2E /* Resources */,
			);
			buildRules = (
			);
			dependencies = (
				9FA5E6982F1EA8F200155E2E /* PBXTargetDependency */,
			);
			fileSystemSynchronizedGroups = (
				9FA5E6992F1EA8F200155E2E /* TripMateUITests */,
			);
			name = TripMateUITests;
			packageProductDependencies = (
			);
			productName = TripMateUITests;
			productReference = 9FA5E6962F1EA8F200155E2E /* TripMateUITests.xctest */;
			productType = "com.apple.product-type.bundle.ui-testing";
		};
/* End PBXNativeTarget section */

/* Begin PBXProject section */
		9FA5E66E2F1EA8EF00155E2E /* Project object */ = {
			isa = PBXProject;
			attributes = {
				BuildIndependentTargetsInParallel = 1;
				LastSwiftUpdateCheck = 2600;
				LastUpgradeCheck = 2600;
				TargetAttributes = {
					9FA5E6752F1EA8EF00155E2E = {
						CreatedOnToolsVersion = 26.0.1;
					};
					9FA5E68B2F1EA8F200155E2E = {
						CreatedOnToolsVersion = 26.0.1;
						TestTargetID = 9FA5E6752F1EA8EF00155E2E;
					};
					9FA5E6952F1EA8F200155E2E = {
						CreatedOnToolsVersion = 26.0.1;
						TestTargetID = 9FA5E6752F1EA8EF00155E2E;
					};
				};
			};
			buildConfigurationList = 9FA5E6712F1EA8EF00155E2E /* Build configuration list for PBXProject "TripMate" */;
			developmentRegion = en;
			hasScannedForEncodings = 0;
			knownRegions = (
				en,
				Base,
			);
			mainGroup = 9FA5E66D2F1EA8EF00155E2E;
			minimizedProjectReferenceProxies = 1;
			preferredProjectObjectVersion = 77;
			productRefGroup = 9FA5E6772F1EA8EF00155E2E /* Products */;
			projectDirPath = "";
			projectRoot = "";
			targets = (
				9FA5E6752F1EA8EF00155E2E /* TripMate */,
				9FA5E68B2F1EA8F200155E2E /* TripMateTests */,
				9FA5E6952F1EA8F200155E2E /* TripMateUITests */,
			);
		};
/* End PBXProject section */

/* Begin PBXResourcesBuildPhase section */
		9FA5E6742F1EA8EF00155E2E /* Resources */ = {
			isa = PBXResourcesBuildPhase;
			buildActionMask = 2147483647;
			files = (
			);
			runOnlyForDeploymentPostprocessing = 0;
		};
		9FA5E68A2F1EA8F200155E2E /* Resources */ = {
			isa = PBXResourcesBuildPhase;
			buildActionMask = 2147483647;
			files = (
			);
			runOnlyForDeploymentPostprocessing = 0;
		};
		9FA5E6942F1EA8F200155E2E /* Resources */ = {
			isa = PBXResourcesBuildPhase;
			buildActionMask = 2147483647;
			files = (
			);
			runOnlyForDeploymentPostprocessing = 0;
		};
/* End PBXResourcesBuildPhase section */

/* Begin PBXSourcesBuildPhase section */
		9FA5E6722F1EA8EF00155E2E /* Sources */ = {
			isa = PBXSourcesBuildPhase;
			buildActionMask = 2147483647;
			files = (
			);
			runOnlyForDeploymentPostprocessing = 0;
		};
		9FA5E6882F1EA8F200155E2E /* Sources */ = {
			isa = PBXSourcesBuildPhase;
			buildActionMask = 2147483647;
			files = (
			);
			runOnlyForDeploymentPostprocessing = 0;
		};
		9FA5E6922F1EA8F200155E2E /* Sources */ = {
			isa = PBXSourcesBuildPhase;
			buildActionMask = 2147483647;
			files = (
			);
			runOnlyForDeploymentPostprocessing = 0;
		};
/* End PBXSourcesBuildPhase section */

/* Begin PBXTargetDependency section */
		9FA5E68E2F1EA8F200155E2E /* PBXTargetDependency */ = {
			isa = PBXTargetDependency;
			target = 9FA5E6752F1EA8EF00155E2E /* TripMate */;
			targetProxy = 9FA5E68D2F1EA8F200155E2E /* PBXContainerItemProxy */;
		};
		9FA5E6982F1EA8F200155E2E /* PBXTargetDependency */ = {
			isa = PBXTargetDependency;
			target = 9FA5E6752F1EA8EF00155E2E /* TripMate */;
			targetProxy = 9FA5E6972F1EA8F200155E2E /* PBXContainerItemProxy */;
		};
/* End PBXTargetDependency section */

/* Begin XCBuildConfiguration section */
		9FA5E6A02F1EA8F200155E2E /* Debug */ = {
			isa = XCBuildConfiguration;
			buildSettings = {
				ASSETCATALOG_COMPILER_APPICON_NAME = AppIcon;
				ASSETCATALOG_COMPILER_GLOBAL_ACCENT_COLOR_NAME = AccentColor;
				CODE_SIGN_ENTITLEMENTS = TripMate/TripMate.entitlements;
				CODE_SIGN_STYLE = Automatic;
				CURRENT_PROJECT_VERSION = 1;
				DEVELOPMENT_TEAM = VA3W538NT5;
				GENERATE_INFOPLIST_FILE = YES;
				INFOPLIST_FILE = TripMate/Info.plist;
				INFOPLIST_KEY_UIApplicationSupportsIndirectInputEvents = YES;
				INFOPLIST_KEY_UILaunchStoryboardName = LaunchScreen;
				INFOPLIST_KEY_UIMainStoryboardFile = Main;
				INFOPLIST_KEY_UISupportedInterfaceOrientations_iPad = "UIInterfaceOrientationPortrait UIInterfaceOrientationPortraitUpsideDown UIInterfaceOrientationLandscapeLeft UIInterfaceOrientationLandscapeRight";
				INFOPLIST_KEY_UISupportedInterfaceOrientations_iPhone = "UIInterfaceOrientationPortrait UIInterfaceOrientationLandscapeLeft UIInterfaceOrientationLandscapeRight";
				LD_RUNPATH_SEARCH_PATHS = (
					"$(inherited)",
					"@executable_path/Frameworks",
				);
				MARKETING_VERSION = 1.0;
				PRODUCT_BUNDLE_IDENTIFIER = MohitVegad.TripMate;
				PRODUCT_NAME = "$(TARGET_NAME)";
				STRING_CATALOG_GENERATE_SYMBOLS = YES;
				SWIFT_APPROACHABLE_CONCURRENCY = YES;
				SWIFT_DEFAULT_ACTOR_ISOLATION = MainActor;
				SWIFT_EMIT_LOC_STRINGS = YES;
				SWIFT_UPCOMING_FEATURE_MEMBER_IMPORT_VISIBILITY = YES;
				SWIFT_VERSION = 5.0;
				TARGETED_DEVICE_FAMILY = "1,2";
			};
			name = Debug;
		};
		9FA5E6A12F1EA8F200155E2E /* Release */ = {
			isa = XCBuildConfiguration;
			buildSettings = {
				ASSETCATALOG_COMPILER_APPICON_NAME = AppIcon;
				ASSETCATALOG_COMPILER_GLOBAL_ACCENT_COLOR_NAME = AccentColor;
				CODE_SIGN_ENTITLEMENTS = TripMate/TripMate.entitlements;
				CODE_SIGN_STYLE = Automatic;
				CURRENT_PROJECT_VERSION = 1;
				DEVELOPMENT_TEAM = VA3W538NT5;
				GENERATE_INFOPLIST_FILE = YES;
				INFOPLIST_FILE = TripMate/Info.plist;
				INFOPLIST_KEY_UIApplicationSupportsIndirectInputEvents = YES;
				INFOPLIST_KEY_UILaunchStoryboardName = LaunchScreen;
				INFOPLIST_KEY_UIMainStoryboardFile = Main;
				INFOPLIST_KEY_UISupportedInterfaceOrientations_iPad = "UIInterfaceOrientationPortrait UIInterfaceOrientationPortraitUpsideDown UIInterfaceOrientationLandscapeLeft UIInterfaceOrientationLandscapeRight";
				INFOPLIST_KEY_UISupportedInterfaceOrientations_iPhone = "UIInterfaceOrientationPortrait UIInterfaceOrientationLandscapeLeft UIInterfaceOrientationLandscapeRight";
				LD_RUNPATH_SEARCH_PATHS = (
					"$(inherited)",
					"@executable_path/Frameworks",
				);
				MARKETING_VERSION = 1.0;
				PRODUCT_BUNDLE_IDENTIFIER = MohitVegad.TripMate;
				PRODUCT_NAME = "$(TARGET_NAME)";
				STRING_CATALOG_GENERATE_SYMBOLS = YES;
				SWIFT_APPROACHABLE_CONCURRENCY = YES;
				SWIFT_DEFAULT_ACTOR_ISOLATION = MainActor;
				SWIFT_EMIT_LOC_STRINGS = YES;
				SWIFT_UPCOMING_FEATURE_MEMBER_IMPORT_VISIBILITY = YES;
				SWIFT_VERSION = 5.0;
				TARGETED_DEVICE_FAMILY = "1,2";
			};
			name = Release;
		};
		9FA5E6A22F1EA8F200155E2E /* Debug */ = {
			isa = XCBuildConfiguration;
			buildSettings = {
				ALWAYS_SEARCH_USER_PATHS = NO;
				ASSETCATALOG_COMPILER_GENERATE_SWIFT_ASSET_SYMBOL_EXTENSIONS = YES;
				CLANG_ANALYZER_NONNULL = YES;
				CLANG_ANALYZER_NUMBER_OBJECT_CONVERSION = YES_AGGRESSIVE;
				CLANG_CXX_LANGUAGE_STANDARD = "gnu++20";
				CLANG_ENABLE_MODULES = YES;
				CLANG_ENABLE_OBJC_ARC = YES;
				CLANG_ENABLE_OBJC_WEAK = YES;
				CLANG_WARN_BLOCK_CAPTURE_AUTORELEASING = YES;
				CLANG_WARN_BOOL_CONVERSION = YES;
				CLANG_WARN_COMMA = YES;
				CLANG_WARN_CONSTANT_CONVERSION = YES;
				CLANG_WARN_DEPRECATED_OBJC_IMPLEMENTATIONS = YES;
				CLANG_WARN_DIRECT_OBJC_ISA_USAGE = YES_ERROR;
				CLANG_WARN_DOCUMENTATION_COMMENTS = YES;
				CLANG_WARN_EMPTY_BODY = YES;
				CLANG_WARN_ENUM_CONVERSION = YES;
				CLANG_WARN_INFINITE_RECURSION = YES;
				CLANG_WARN_INT_CONVERSION = YES;
				CLANG_WARN_NON_LITERAL_NULL_CONVERSION = YES;
				CLANG_WARN_OBJC_IMPLICIT_RETAIN_SELF = YES;
				CLANG_WARN_OBJC_LITERAL_CONVERSION = YES;
				CLANG_WARN_OBJC_ROOT_CLASS = YES_ERROR;
				CLANG_WARN_QUOTED_INCLUDE_IN_FRAMEWORK_HEADER = YES;
				CLANG_WARN_RANGE_LOOP_ANALYSIS = YES;
				CLANG_WARN_STRICT_PROTOTYPES = YES;
				CLANG_WARN_SUSPICIOUS_MOVE = YES;
				CLANG_WARN_UNGUARDED_AVAILABILITY = YES_AGGRESSIVE;
				CLANG_WARN_UNREACHABLE_CODE = YES;
				CLANG_WARN__DUPLICATE_METHOD_MATCH = YES;
				COPY_PHASE_STRIP = NO;
				DEBUG_INFORMATION_FORMAT = dwarf;
				DEVELOPMENT_TEAM = VA3W538NT5;
				ENABLE_STRICT_OBJC_MSGSEND = YES;
				ENABLE_TESTABILITY = YES;
				ENABLE_USER_SCRIPT_SANDBOXING = YES;
				GCC_C_LANGUAGE_STANDARD = gnu17;
				GCC_DYNAMIC_NO_PIC = NO;
				GCC_NO_COMMON_BLOCKS = YES;
				GCC_OPTIMIZATION_LEVEL = 0;
				GCC_PREPROCESSOR_DEFINITIONS = (
					"DEBUG=1",
					"$(inherited)",
				);
				GCC_WARN_64_TO_32_BIT_CONVERSION = YES;
				GCC_WARN_ABOUT_RETURN_TYPE = YES_ERROR;
				GCC_WARN_UNDECLARED_SELECTOR = YES;
				GCC_WARN_UNINITIALIZED_AUTOS = YES_AGGRESSIVE;
				GCC_WARN_UNUSED_FUNCTION = YES;
				GCC_WARN_UNUSED_VARIABLE = YES;
				IPHONEOS_DEPLOYMENT_TARGET = 26.0;
				LOCALIZATION_PREFERS_STRING_CATALOGS = YES;
				MTL_ENABLE_DEBUG_INFO = INCLUDE_SOURCE;
				MTL_FAST_MATH = YES;
				ONLY_ACTIVE_ARCH = YES;
				SDKROOT = iphoneos;
				SWIFT_ACTIVE_COMPILATION_CONDITIONS = "DEBUG $(inherited)";
				SWIFT_OPTIMIZATION_LEVEL = "-Onone";
			};
			name = Debug;
		};
		9FA5E6A32F1EA8F200155E2E /* Release */ = {
			isa = XCBuildConfiguration;
			buildSettings = {
				ALWAYS_SEARCH_USER_PATHS = NO;
				ASSETCATALOG_COMPILER_GENERATE_SWIFT_ASSET_SYMBOL_EXTENSIONS = YES;
				CLANG_ANALYZER_NONNULL = YES;
				CLANG_ANALYZER_NUMBER_OBJECT_CONVERSION = YES_AGGRESSIVE;
				CLANG_CXX_LANGUAGE_STANDARD = "gnu++20";
				CLANG_ENABLE_MODULES = YES;
				CLANG_ENABLE_OBJC_ARC = YES;
				CLANG_ENABLE_OBJC_WEAK = YES;
				CLANG_WARN_BLOCK_CAPTURE_AUTORELEASING = YES;
				CLANG_WARN_BOOL_CONVERSION = YES;
				CLANG_WARN_COMMA = YES;
				CLANG_WARN_CONSTANT_CONVERSION = YES;
				CLANG_WARN_DEPRECATED_OBJC_IMPLEMENTATIONS = YES;
				CLANG_WARN_DIRECT_OBJC_ISA_USAGE = YES_ERROR;
				CLANG_WARN_DOCUMENTATION_COMMENTS = YES;
				CLANG_WARN_EMPTY_BODY = YES;
				CLANG_WARN_ENUM_CONVERSION = YES;
				CLANG_WARN_INFINITE_RECURSION = YES;
				CLANG_WARN_INT_CONVERSION = YES;
				CLANG_WARN_NON_LITERAL_NULL_CONVERSION = YES;
				CLANG_WARN_OBJC_IMPLICIT_RETAIN_SELF = YES;
				CLANG_WARN_OBJC_LITERAL_CONVERSION = YES;
				CLANG_WARN_OBJC_ROOT_CLASS = YES_ERROR;
				CLANG_WARN_QUOTED_INCLUDE_IN_FRAMEWORK_HEADER = YES;
				CLANG_WARN_RANGE_LOOP_ANALYSIS = YES;
				CLANG_WARN_STRICT_PROTOTYPES = YES;
				CLANG_WARN_SUSPICIOUS_MOVE = YES;
				CLANG_WARN_UNGUARDED_AVAILABILITY = YES_AGGRESSIVE;
				CLANG_WARN_UNREACHABLE_CODE = YES;
				CLANG_WARN__DUPLICATE_METHOD_MATCH = YES;
				COPY_PHASE_STRIP = NO;
				DEBUG_INFORMATION_FORMAT = "dwarf-with-dsym";
				DEVELOPMENT_TEAM = VA3W538NT5;
				ENABLE_NS_ASSERTIONS = NO;
				ENABLE_STRICT_OBJC_MSGSEND = YES;
				ENABLE_USER_SCRIPT_SANDBOXING = YES;
				GCC_C_LANGUAGE_STANDARD = gnu17;
				GCC_NO_COMMON_BLOCKS = YES;
				GCC_WARN_64_TO_32_BIT_CONVERSION = YES;
				GCC_WARN_ABOUT_RETURN_TYPE = YES_ERROR;
				GCC_WARN_UNDECLARED_SELECTOR = YES;
				GCC_WARN_UNINITIALIZED_AUTOS = YES_AGGRESSIVE;
				GCC_WARN_UNUSED_FUNCTION = YES;
				GCC_WARN_UNUSED_VARIABLE = YES;
				IPHONEOS_DEPLOYMENT_TARGET = 26.0;
				LOCALIZATION_PREFERS_STRING_CATALOGS = YES;
				MTL_ENABLE_DEBUG_INFO = NO;
				MTL_FAST_MATH = YES;
				SDKROOT = iphoneos;
				SWIFT_COMPILATION_MODE = wholemodule;
				VALIDATE_PRODUCT = YES;
			};
			name = Release;
		};
		9FA5E6A52F1EA8F200155E2E /* Debug */ = {
			isa = XCBuildConfiguration;
			buildSettings = {
				BUNDLE_LOADER = "$(TEST_HOST)";
				CODE_SIGN_STYLE = Automatic;
				CURRENT_PROJECT_VERSION = 1;
				DEVELOPMENT_TEAM = VA3W538NT5;
				GENERATE_INFOPLIST_FILE = YES;
				IPHONEOS_DEPLOYMENT_TARGET = 26.0;
				MARKETING_VERSION = 1.0;
				PRODUCT_BUNDLE_IDENTIFIER = MohitVegad.TripMateTests;
				PRODUCT_NAME = "$(TARGET_NAME)";
				STRING_CATALOG_GENERATE_SYMBOLS = NO;
				SWIFT_APPROACHABLE_CONCURRENCY = YES;
				SWIFT_EMIT_LOC_STRINGS = NO;
				SWIFT_UPCOMING_FEATURE_MEMBER_IMPORT_VISIBILITY = YES;
				SWIFT_VERSION = 5.0;
				TARGETED_DEVICE_FAMILY = "1,2";
				TEST_HOST = "$(BUILT_PRODUCTS_DIR)/TripMate.app/$(BUNDLE_EXECUTABLE_FOLDER_PATH)/TripMate";
			};
			name = Debug;
		};
		9FA5E6A62F1EA8F200155E2E /* Release */ = {
			isa = XCBuildConfiguration;
			buildSettings = {
				BUNDLE_LOADER = "$(TEST_HOST)";
				CODE_SIGN_STYLE = Automatic;
				CURRENT_PROJECT_VERSION = 1;
				DEVELOPMENT_TEAM = VA3W538NT5;
				GENERATE_INFOPLIST_FILE = YES;
				IPHONEOS_DEPLOYMENT_TARGET = 26.0;
				MARKETING_VERSION = 1.0;
				PRODUCT_BUNDLE_IDENTIFIER = MohitVegad.TripMateTests;
				PRODUCT_NAME = "$(TARGET_NAME)";
				STRING_CATALOG_GENERATE_SYMBOLS = NO;
				SWIFT_APPROACHABLE_CONCURRENCY = YES;
				SWIFT_EMIT_LOC_STRINGS = NO;
				SWIFT_UPCOMING_FEATURE_MEMBER_IMPORT_VISIBILITY = YES;
				SWIFT_VERSION = 5.0;
				TARGETED_DEVICE_FAMILY = "1,2";
				TEST_HOST = "$(BUILT_PRODUCTS_DIR)/TripMate.app/$(BUNDLE_EXECUTABLE_FOLDER_PATH)/TripMate";
			};
			name = Release;
		};
		9FA5E6A82F1EA8F200155E2E /* Debug */ = {
			isa = XCBuildConfiguration;
			buildSettings = {
				CODE_SIGN_STYLE = Automatic;
				CURRENT_PROJECT_VERSION = 1;
				DEVELOPMENT_TEAM = VA3W538NT5;
				GENERATE_INFOPLIST_FILE = YES;
				MARKETING_VERSION = 1.0;
				PRODUCT_BUNDLE_IDENTIFIER = MohitVegad.TripMateUITests;
				PRODUCT_NAME = "$(TARGET_NAME)";
				STRING_CATALOG_GENERATE_SYMBOLS = NO;
				SWIFT_APPROACHABLE_CONCURRENCY = YES;
				SWIFT_EMIT_LOC_STRINGS = NO;
				SWIFT_UPCOMING_FEATURE_MEMBER_IMPORT_VISIBILITY = YES;
				SWIFT_VERSION = 5.0;
				TARGETED_DEVICE_FAMILY = "1,2";
				TEST_TARGET_NAME = TripMate;
			};
			name = Debug;
		};
		9FA5E6A92F1EA8F200155E2E /* Release */ = {
			isa = XCBuildConfiguration;
			buildSettings = {
				CODE_SIGN_STYLE = Automatic;
				CURRENT_PROJECT_VERSION = 1;
				DEVELOPMENT_TEAM = VA3W538NT5;
				GENERATE_INFOPLIST_FILE = YES;
				MARKETING_VERSION = 1.0;
				PRODUCT_BUNDLE_IDENTIFIER = MohitVegad.TripMateUITests;
				PRODUCT_NAME = "$(TARGET_NAME)";
				STRING_CATALOG_GENERATE_SYMBOLS = NO;
				SWIFT_APPROACHABLE_CONCURRENCY = YES;
				SWIFT_EMIT_LOC_STRINGS = NO;
				SWIFT_UPCOMING_FEATURE_MEMBER_IMPORT_VISIBILITY = YES;
				SWIFT_VERSION = 5.0;
				TARGETED_DEVICE_FAMILY = "1,2";
				TEST_TARGET_NAME = TripMate;
			};
			name = Release;
		};
/* End XCBuildConfiguration section */

/* Begin XCConfigurationList section */
		9FA5E6712F1EA8EF00155E2E /* Build configuration list for PBXProject "TripMate" */ = {
			isa = XCConfigurationList;
			buildConfigurations = (
				9FA5E6A22F1EA8F200155E2E /* Debug */,
				9FA5E6A32F1EA8F200155E2E /* Release */,
			);
			defaultConfigurationIsVisible = 0;
			defaultConfigurationName = Release;
		};
		9FA5E69F2F1EA8F200155E2E /* Build configuration list for PBXNativeTarget "TripMate" */ = {
			isa = XCConfigurationList;
			buildConfigurations = (
				9FA5E6A02F1EA8F200155E2E /* Debug */,
				9FA5E6A12F1EA8F200155E2E /* Release */,
			);
			defaultConfigurationIsVisible = 0;
			defaultConfigurationName = Release;
		};
		9FA5E6A42F1EA8F200155E2E /* Build configuration list for PBXNativeTarget "TripMateTests" */ = {
			isa = XCConfigurationList;
			buildConfigurations = (
				9FA5E6A52F1EA8F200155E2E /* Debug */,
				9FA5E6A62F1EA8F200155E2E /* Release */,
			);
			defaultConfigurationIsVisible = 0;
			defaultConfigurationName = Release;
		};
		9FA5E6A72F1EA8F200155E2E /* Build configuration list for PBXNativeTarget "TripMateUITests" */ = {
			isa = XCConfigurationList;
			buildConfigurations = (
				9FA5E6A82F1EA8F200155E2E /* Debug */,
				9FA5E6A92F1EA8F200155E2E /* Release */,
			);
			defaultConfigurationIsVisible = 0;
			defaultConfigurationName = Release;
		};
/* End XCConfigurationList section */
	};
	rootObject = 9FA5E66E2F1EA8EF00155E2E /* Project object */;
}
